
Microsoft Visual Studio Solution File, Format Version 12.00
# Visual Studio Version 17
VisualStudioVersion = 17.0.31903.59
MinimumVisualStudioVersion = 10.0.40219.1
Project("{2150E333-8FDC-42A3-9474-1A3956D46DE8}") = "api", "api", "{D82C56D6-B2CD-F611-9E31-04638F7EC30E}"
EndProject
Project("{FAE04EC0-301F-11D3-BF4B-00C04F79EFBC}") = "Tsa.Submissions.Coding.WebApi", "api\Tsa.Submissions.Coding.WebApi\Tsa.Submissions.Coding.WebApi.csproj", "{23E427EF-8128-47B7-AB25-8597B2D3608A}"
EndProject
Project("{2150E333-8FDC-42A3-9474-1A3956D46DE8}") = "code-executor", "code-executor", "{EA9F6A5F-E25E-B0E6-1C91-583C13017F16}"
EndProject
Project("{FAE04EC0-301F-11D3-BF4B-00C04F79EFBC}") = "Tsa.Submissions.Coding.CodeExecutor.Runner", "code-executor\Tsa.Submissions.Coding.CodeExecutor.Runner\Tsa.Submissions.Coding.CodeExecutor.Runner.csproj", "{5D965F6A-BEFF-4983-AD78-DEB6551BCF25}"
EndProject
Project("{FAE04EC0-301F-11D3-BF4B-00C04F79EFBC}") = "Tsa.Submissions.Coding.CodeExecutor.Worker", "code-executor\Tsa.Submissions.Coding.CodeExecutor.Worker\Tsa.Submissions.Coding.CodeExecutor.Worker.csproj", "{C4FF68DB-F6C2-444A-9C36-77A9A1C8F1BB}"
EndProject
Project("{2150E333-8FDC-42A3-9474-1A3956D46DE8}") = "shared-components", "shared-components", "{5D7EBA55-4C30-C3C6-A6B3-669350FCCD46}"
EndProject
Project("{FAE04EC0-301F-11D3-BF4B-00C04F79EFBC}") = "Tsa.Submissions.Coding.UnitTests", "shared-components\Tsa.Submissions.Coding.UnitTests\Tsa.Submissions.Coding.UnitTests.csproj", "{E9295BE8-5BF3-4A00-9ABE-D892C0C45346}"
EndProject
Project("{FAE04EC0-301F-11D3-BF4B-00C04F79EFBC}") = "Tsa.Submissions.Coding.Contracts", "shared-components\Tsa.Submissions.Coding.Contracts\Tsa.Submissions.Coding.Contracts.csproj", "{A3F6D298-727D-4DE9-8B6C-ACECEE365E9E}"
EndProject
Project("{2150E333-8FDC-42A3-9474-1A3956D46DE8}") = "Solution Items", "Solution Items", "{8EC462FD-D22E-90A8-E5CE-7E832BA40C5D}"
	ProjectSection(SolutionItems) = preProject
		.editorconfig = .editorconfig
	EndProjectSection
EndProject
Project("{FAE04EC0-301F-11D3-BF4B-00C04F79EFBC}") = "Tsa.Submissions.Coding.ApiClient", "shared-components\Tsa.Submissions.Coding.ApiClient\Tsa.Submissions.Coding.ApiClient.csproj", "{72D183A2-E2B3-4F19-A310-87249AD0EF3C}"
EndProject
Global
	GlobalSection(SolutionConfigurationPlatforms) = preSolution
		Debug|Any CPU = Debug|Any CPU
		Debug|x64 = Debug|x64
		Debug|x86 = Debug|x86
		Release|Any CPU = Release|Any CPU
		Release|x64 = Release|x64
		Release|x86 = Release|x86
	EndGlobalSection
	GlobalSection(ProjectConfigurationPlatforms) = postSolution
		{23E427EF-8128-47B7-AB25-8597B2D3608A}.Debug|Any CPU.ActiveCfg = Debug|Any CPU
		{23E427EF-8128-47B7-AB25-8597B2D3608A}.Debug|Any CPU.Build.0 = Debug|Any CPU
		{23E427EF-8128-47B7-AB25-8597B2D3608A}.Debug|x64.ActiveCfg = Debug|Any CPU
		{23E427EF-8128-47B7-AB25-8597B2D3608A}.Debug|x64.Build.0 = Debug|Any CPU
		{23E427EF-8128-47B7-AB25-8597B2D3608A}.Debug|x86.ActiveCfg = Debug|Any CPU
		{23E427EF-8128-47B7-AB25-8597B2D3608A}.Debug|x86.Build.0 = Debug|Any CPU
		{23E427EF-8128-47B7-AB25-8597B2D3608A}.Release|Any CPU.ActiveCfg = Release|Any CPU
		{23E427EF-8128-47B7-AB25-8597B2D3608A}.Release|Any CPU.Build.0 = Release|Any CPU
		{23E427EF-8128-47B7-AB25-8597B2D3608A}.Release|x64.ActiveCfg = Release|Any CPU
		{23E427EF-8128-47B7-AB25-8597B2D3608A}.Release|x64.Build.0 = Release|Any CPU
		{23E427EF-8128-47B7-AB25-8597B2D3608A}.Release|x86.ActiveCfg = Release|Any CPU
		{23E427EF-8128-47B7-AB25-8597B2D3608A}.Release|x86.Build.0 = Release|Any CPU
		{5D965F6A-BEFF-4983-AD78-DEB6551BCF25}.Debug|Any CPU.ActiveCfg = Debug|Any CPU
		{5D965F6A-BEFF-4983-AD78-DEB6551BCF25}.Debug|Any CPU.Build.0 = Debug|Any CPU
		{5D965F6A-BEFF-4983-AD78-DEB6551BCF25}.Debug|x64.ActiveCfg = Debug|Any CPU
		{5D965F6A-BEFF-4983-AD78-DEB6551BCF25}.Debug|x64.Build.0 = Debug|Any CPU
		{5D965F6A-BEFF-4983-AD78-DEB6551BCF25}.Debug|x86.ActiveCfg = Debug|Any CPU
		{5D965F6A-BEFF-4983-AD78-DEB6551BCF25}.Debug|x86.Build.0 = Debug|Any CPU
		{5D965F6A-BEFF-4983-AD78-DEB6551BCF25}.Release|Any CPU.ActiveCfg = Release|Any CPU
		{5D965F6A-BEFF-4983-AD78-DEB6551BCF25}.Release|Any CPU.Build.0 = Release|Any CPU
		{5D965F6A-BEFF-4983-AD78-DEB6551BCF25}.Release|x64.ActiveCfg = Release|Any CPU
		{5D965F6A-BEFF-4983-AD78-DEB6551BCF25}.Release|x64.Build.0 = Release|Any CPU
		{5D965F6A-BEFF-4983-AD78-DEB6551BCF25}.Release|x86.ActiveCfg = Release|Any CPU
		{5D965F6A-BEFF-4983-AD78-DEB6551BCF25}.Release|x86.Build.0 = Release|Any CPU
		{C4FF68DB-F6C2-444A-9C36-77A9A1C8F1BB}.Debug|Any CPU.ActiveCfg = Debug|Any CPU
		{C4FF68DB-F6C2-444A-9C36-77A9A1C8F1BB}.Debug|Any CPU.Build.0 = Debug|Any CPU
		{C4FF68DB-F6C2-444A-9C36-77A9A1C8F1BB}.Debug|x64.ActiveCfg = Debug|Any CPU
		{C4FF68DB-F6C2-444A-9C36-77A9A1C8F1BB}.Debug|x64.Build.0 = Debug|Any CPU
		{C4FF68DB-F6C2-444A-9C36-77A9A1C8F1BB}.Debug|x86.ActiveCfg = Debug|Any CPU
		{C4FF68DB-F6C2-444A-9C36-77A9A1C8F1BB}.Debug|x86.Build.0 = Debug|Any CPU
		{C4FF68DB-F6C2-444A-9C36-77A9A1C8F1BB}.Release|Any CPU.ActiveCfg = Release|Any CPU
		{C4FF68DB-F6C2-444A-9C36-77A9A1C8F1BB}.Release|Any CPU.Build.0 = Release|Any CPU
		{C4FF68DB-F6C2-444A-9C36-77A9A1C8F1BB}.Release|x64.ActiveCfg = Release|Any CPU
		{C4FF68DB-F6C2-444A-9C36-77A9A1C8F1BB}.Release|x64.Build.0 = Release|Any CPU
		{C4FF68DB-F6C2-444A-9C36-77A9A1C8F1BB}.Release|x86.ActiveCfg = Release|Any CPU
		{C4FF68DB-F6C2-444A-9C36-77A9A1C8F1BB}.Release|x86.Build.0 = Release|Any CPU
		{E9295BE8-5BF3-4A00-9ABE-D892C0C45346}.Debug|Any CPU.ActiveCfg = Debug|Any CPU
		{E9295BE8-5BF3-4A00-9ABE-D892C0C45346}.Debug|Any CPU.Build.0 = Debug|Any CPU
		{E9295BE8-5BF3-4A00-9ABE-D892C0C45346}.Debug|x64.ActiveCfg = Debug|Any CPU
		{E9295BE8-5BF3-4A00-9ABE-D892C0C45346}.Debug|x64.Build.0 = Debug|Any CPU
		{E9295BE8-5BF3-4A00-9ABE-D892C0C45346}.Debug|x86.ActiveCfg = Debug|Any CPU
		{E9295BE8-5BF3-4A00-9ABE-D892C0C45346}.Debug|x86.Build.0 = Debug|Any CPU
		{E9295BE8-5BF3-4A00-9ABE-D892C0C45346}.Release|Any CPU.ActiveCfg = Release|Any CPU
		{E9295BE8-5BF3-4A00-9ABE-D892C0C45346}.Release|Any CPU.Build.0 = Release|Any CPU
		{E9295BE8-5BF3-4A00-9ABE-D892C0C45346}.Release|x64.ActiveCfg = Release|Any CPU
		{E9295BE8-5BF3-4A00-9ABE-D892C0C45346}.Release|x64.Build.0 = Release|Any CPU
		{E9295BE8-5BF3-4A00-9ABE-D892C0C45346}.Release|x86.ActiveCfg = Release|Any CPU
		{E9295BE8-5BF3-4A00-9ABE-D892C0C45346}.Release|x86.Build.0 = Release|Any CPU
		{A3F6D298-727D-4DE9-8B6C-ACECEE365E9E}.Debug|Any CPU.ActiveCfg = Debug|Any CPU
		{A3F6D298-727D-4DE9-8B6C-ACECEE365E9E}.Debug|Any CPU.Build.0 = Debug|Any CPU
		{A3F6D298-727D-4DE9-8B6C-ACECEE365E9E}.Debug|x64.ActiveCfg = Debug|Any CPU
		{A3F6D298-727D-4DE9-8B6C-ACECEE365E9E}.Debug|x64.Build.0 = Debug|Any CPU
		{A3F6D298-727D-4DE9-8B6C-ACECEE365E9E}.Debug|x86.ActiveCfg = Debug|Any CPU
		{A3F6D298-727D-4DE9-8B6C-ACECEE365E9E}.Debug|x86.Build.0 = Debug|Any CPU
		{A3F6D298-727D-4DE9-8B6C-ACECEE365E9E}.Release|Any CPU.ActiveCfg = Release|Any CPU
		{A3F6D298-727D-4DE9-8B6C-ACECEE365E9E}.Release|Any CPU.Build.0 = Release|Any CPU
		{A3F6D298-727D-4DE9-8B6C-ACECEE365E9E}.Release|x64.ActiveCfg = Release|Any CPU
		{A3F6D298-727D-4DE9-8B6C-ACECEE365E9E}.Release|x64.Build.0 = Release|Any CPU
		{A3F6D298-727D-4DE9-8B6C-ACECEE365E9E}.Release|x86.ActiveCfg = Release|Any CPU
		{A3F6D298-727D-4DE9-8B6C-ACECEE365E9E}.Release|x86.Build.0 = Release|Any CPU
		{72D183A2-E2B3-4F19-A310-87249AD0EF3C}.Debug|Any CPU.ActiveCfg = Debug|Any CPU
		{72D183A2-E2B3-4F19-A310-87249AD0EF3C}.Debug|Any CPU.Build.0 = Debug|Any CPU
		{72D183A2-E2B3-4F19-A310-87249AD0EF3C}.Debug|x64.ActiveCfg = Debug|Any CPU
		{72D183A2-E2B3-4F19-A310-87249AD0EF3C}.Debug|x64.Build.0 = Debug|Any CPU
		{72D183A2-E2B3-4F19-A310-87249AD0EF3C}.Debug|x86.ActiveCfg = Debug|Any CPU
		{72D183A2-E2B3-4F19-A310-87249AD0EF3C}.Debug|x86.Build.0 = Debug|Any CPU
		{72D183A2-E2B3-4F19-A310-87249AD0EF3C}.Release|Any CPU.ActiveCfg = Release|Any CPU
		{72D183A2-E2B3-4F19-A310-87249AD0EF3C}.Release|Any CPU.Build.0 = Release|Any CPU
		{72D183A2-E2B3-4F19-A310-87249AD0EF3C}.Release|x64.ActiveCfg = Release|Any CPU
		{72D183A2-E2B3-4F19-A310-87249AD0EF3C}.Release|x64.Build.0 = Release|Any CPU
		{72D183A2-E2B3-4F19-A310-87249AD0EF3C}.Release|x86.ActiveCfg = Release|Any CPU
		{72D183A2-E2B3-4F19-A310-87249AD0EF3C}.Release|x86.Build.0 = Release|Any CPU
	EndGlobalSection
	GlobalSection(SolutionProperties) = preSolution
		HideSolutionNode = FALSE
	EndGlobalSection
	GlobalSection(NestedProjects) = preSolution
		{23E427EF-8128-47B7-AB25-8597B2D3608A} = {D82C56D6-B2CD-F611-9E31-04638F7EC30E}
		{5D965F6A-BEFF-4983-AD78-DEB6551BCF25} = {EA9F6A5F-E25E-B0E6-1C91-583C13017F16}
		{C4FF68DB-F6C2-444A-9C36-77A9A1C8F1BB} = {EA9F6A5F-E25E-B0E6-1C91-583C13017F16}
		{E9295BE8-5BF3-4A00-9ABE-D892C0C45346} = {5D7EBA55-4C30-C3C6-A6B3-669350FCCD46}
		{A3F6D298-727D-4DE9-8B6C-ACECEE365E9E} = {5D7EBA55-4C30-C3C6-A6B3-669350FCCD46}
		{72D183A2-E2B3-4F19-A310-87249AD0EF3C} = {5D7EBA55-4C30-C3C6-A6B3-669350FCCD46}
	EndGlobalSection
	GlobalSection(ExtensibilityGlobals) = postSolution
		SolutionGuid = {C1C88CA8-B4D1-47EC-823F-8648A0E58F06}
	EndGlobalSection
EndGlobal
