
Microsoft Visual Studio Solution File, Format Version 12.00
# Visual Studio Version 17
VisualStudioVersion = 17.0.31903.59
MinimumVisualStudioVersion = 10.0.40219.1
Project("{FAE04EC0-301F-11D3-BF4B-00C04F79EFBC}") = "Tsa.Submissions.Coding.CodeExecutor.Worker", "Tsa.Submissions.Coding.CodeExecutor.Worker\Tsa.Submissions.Coding.CodeExecutor.Worker.csproj", "{D01B5439-8CA4-4048-8144-FE22F036A039}"
EndProject
Project("{FAE04EC0-301F-11D3-BF4B-00C04F79EFBC}") = "Tsa.Submissions.Coding.CodeExecutor.Shared", "Tsa.Submissions.Coding.CodeExecutor.Shared\Tsa.Submissions.Coding.CodeExecutor.Shared.csproj", "{3B95873F-9F5A-42E8-99EF-9AABD336D005}"
EndProject
Global
	GlobalSection(SolutionConfigurationPlatforms) = preSolution
		Debug|Any CPU = Debug|Any CPU
		Debug|x64 = Debug|x64
		Debug|x86 = Debug|x86
		Release|Any CPU = Release|Any CPU
		Release|x64 = Release|x64
		Release|x86 = Release|x86
	EndGlobalSection
	GlobalSection(ProjectConfigurationPlatforms) = postSolution
		{D01B5439-8CA4-4048-8144-FE22F036A039}.Debug|Any CPU.ActiveCfg = Debug|Any CPU
		{D01B5439-8CA4-4048-8144-FE22F036A039}.Debug|Any CPU.Build.0 = Debug|Any CPU
		{D01B5439-8CA4-4048-8144-FE22F036A039}.Debug|x64.ActiveCfg = Debug|Any CPU
		{D01B5439-8CA4-4048-8144-FE22F036A039}.Debug|x64.Build.0 = Debug|Any CPU
		{D01B5439-8CA4-4048-8144-FE22F036A039}.Debug|x86.ActiveCfg = Debug|Any CPU
		{D01B5439-8CA4-4048-8144-FE22F036A039}.Debug|x86.Build.0 = Debug|Any CPU
		{D01B5439-8CA4-4048-8144-FE22F036A039}.Release|Any CPU.ActiveCfg = Release|Any CPU
		{D01B5439-8CA4-4048-8144-FE22F036A039}.Release|Any CPU.Build.0 = Release|Any CPU
		{D01B5439-8CA4-4048-8144-FE22F036A039}.Release|x64.ActiveCfg = Release|Any CPU
		{D01B5439-8CA4-4048-8144-FE22F036A039}.Release|x64.Build.0 = Release|Any CPU
		{D01B5439-8CA4-4048-8144-FE22F036A039}.Release|x86.ActiveCfg = Release|Any CPU
		{D01B5439-8CA4-4048-8144-FE22F036A039}.Release|x86.Build.0 = Release|Any CPU
		{3B95873F-9F5A-42E8-99EF-9AABD336D005}.Debug|Any CPU.ActiveCfg = Debug|Any CPU
		{3B95873F-9F5A-42E8-99EF-9AABD336D005}.Debug|Any CPU.Build.0 = Debug|Any CPU
		{3B95873F-9F5A-42E8-99EF-9AABD336D005}.Debug|x64.ActiveCfg = Debug|Any CPU
		{3B95873F-9F5A-42E8-99EF-9AABD336D005}.Debug|x64.Build.0 = Debug|Any CPU
		{3B95873F-9F5A-42E8-99EF-9AABD336D005}.Debug|x86.ActiveCfg = Debug|Any CPU
		{3B95873F-9F5A-42E8-99EF-9AABD336D005}.Debug|x86.Build.0 = Debug|Any CPU
		{3B95873F-9F5A-42E8-99EF-9AABD336D005}.Release|Any CPU.ActiveCfg = Release|Any CPU
		{3B95873F-9F5A-42E8-99EF-9AABD336D005}.Release|Any CPU.Build.0 = Release|Any CPU
		{3B95873F-9F5A-42E8-99EF-9AABD336D005}.Release|x64.ActiveCfg = Release|Any CPU
		{3B95873F-9F5A-42E8-99EF-9AABD336D005}.Release|x64.Build.0 = Release|Any CPU
		{3B95873F-9F5A-42E8-99EF-9AABD336D005}.Release|x86.ActiveCfg = Release|Any CPU
		{3B95873F-9F5A-42E8-99EF-9AABD336D005}.Release|x86.Build.0 = Release|Any CPU
	EndGlobalSection
	GlobalSection(SolutionProperties) = preSolution
		HideSolutionNode = FALSE
	EndGlobalSection
	GlobalSection(ExtensibilityGlobals) = postSolution
		SolutionGuid = {8908CA13-7474-4B67-B3BD-8061C68266D3}
	EndGlobalSection
EndGlobal
